
Microsoft Visual Studio Solution File, Format Version 12.00
# Visual Studio 15
VisualStudioVersion = 15.0.27428.2015
MinimumVisualStudioVersion = 10.0.40219.1
Project("{FAE04EC0-301F-11D3-BF4B-00C04F79EFBC}") = "Train_Ticketing_System", "Train_Ticketing_System\Train_Ticketing_System.csproj", "{98DD3BE2-A780-490D-AB8E-1B3EEC6E8690}"
EndProject
Global
	GlobalSection(SolutionConfigurationPlatforms) = preSolution
		Debug|Any CPU = Debug|Any CPU
		Release|Any CPU = Release|Any CPU
	EndGlobalSection
	GlobalSection(ProjectConfigurationPlatforms) = postSolution
		{98DD3BE2-A780-490D-AB8E-1B3EEC6E8690}.Debug|Any CPU.ActiveCfg = Debug|Any CPU
		{98DD3BE2-A780-490D-AB8E-1B3EEC6E8690}.Debug|Any CPU.Build.0 = Debug|Any CPU
		{98DD3BE2-A780-490D-AB8E-1B3EEC6E8690}.Release|Any CPU.ActiveCfg = Release|Any CPU
		{98DD3BE2-A780-490D-AB8E-1B3EEC6E8690}.Release|Any CPU.Build.0 = Release|Any CPU
	EndGlobalSection
	GlobalSection(SolutionProperties) = preSolution
		HideSolutionNode = FALSE
	EndGlobalSection
	GlobalSection(ExtensibilityGlobals) = postSolution
		SolutionGuid = {4B321276-BADD-49CB-9685-3237036D73B8}
	EndGlobalSection
EndGlobal
